
Microsoft Visual Studio Solution File, Format Version 12.00
# Visual Studio Version 17
VisualStudioVersion = 17.14.36109.1 d17.14
MinimumVisualStudioVersion = 10.0.40219.1
Project("{FAE04EC0-301F-11D3-BF4B-00C04F79EFBC}") = "AnalisidiDatiAmbientali_Sacchiero_Baldo", "AnalisidiDatiAmbientali_Sacchiero_Baldo.csproj", "{46030DF2-1C37-4B87-9625-E908AB18340C}"
EndProject
Global
	GlobalSection(SolutionConfigurationPlatforms) = preSolution
		Debug|Any CPU = Debug|Any CPU
		Release|Any CPU = Release|Any CPU
	EndGlobalSection
	GlobalSection(ProjectConfigurationPlatforms) = postSolution
		{46030DF2-1C37-4B87-9625-E908AB18340C}.Debug|Any CPU.ActiveCfg = Debug|Any CPU
		{46030DF2-1C37-4B87-9625-E908AB18340C}.Debug|Any CPU.Build.0 = Debug|Any CPU
		{46030DF2-1C37-4B87-9625-E908AB18340C}.Release|Any CPU.ActiveCfg = Release|Any CPU
		{46030DF2-1C37-4B87-9625-E908AB18340C}.Release|Any CPU.Build.0 = Release|Any CPU
	EndGlobalSection
	GlobalSection(SolutionProperties) = preSolution
		HideSolutionNode = FALSE
	EndGlobalSection
	GlobalSection(ExtensibilityGlobals) = postSolution
		SolutionGuid = {60B8032D-71F7-4E09-83E5-90B935EFAC40}
	EndGlobalSection
EndGlobal
